
Microsoft Visual Studio Solution File, Format Version 12.00
# Visual Studio 2013
VisualStudioVersion = 12.0.30110.0
MinimumVisualStudioVersion = 10.0.40219.1
Project("{FAE04EC0-301F-11D3-BF4B-00C04F79EFBC}") = "GovTest", "GovTest\GovTest.csproj", "{A5EBAD3E-867A-4E4C-A5AB-EA8EF101ACBA}"
EndProject
Project("{FAE04EC0-301F-11D3-BF4B-00C04F79EFBC}") = "PageTest", "PageTest\PageTest.csproj", "{08595073-19D9-4901-922B-298F6B876C65}"
EndProject
Project("{FAE04EC0-301F-11D3-BF4B-00C04F79EFBC}") = "MvcPaging", "MvcPaging\MvcPaging.csproj", "{AAF30968-1118-4937-B392-E9863EA8D76D}"
EndProject
Project("{FAE04EC0-301F-11D3-BF4B-00C04F79EFBC}") = "JsonTest", "JsonTest\JsonTest.csproj", "{7B995053-A2F9-4475-9CC1-D81107C4405E}"
EndProject
Project("{FAE04EC0-301F-11D3-BF4B-00C04F79EFBC}") = "OracleTest", "OracleTest\OracleTest.csproj", "{2FFB8F3B-571A-4873-A52B-ACE0C572BA5A}"
EndProject
Project("{FAE04EC0-301F-11D3-BF4B-00C04F79EFBC}") = "CKEditor", "CKEditor\CKEditor.csproj", "{53C32618-59F0-47E4-9EF1-44CC9D850D30}"
EndProject
Project("{FAE04EC0-301F-11D3-BF4B-00C04F79EFBC}") = "ImageAreaTest", "ImageAreaTest\ImageAreaTest.csproj", "{9395DAA5-2C40-485E-821E-01C6CD8A588F}"
EndProject
Project("{FAE04EC0-301F-11D3-BF4B-00C04F79EFBC}") = "ImageCrop", "ImageCrop\ImageCrop.csproj", "{2F46CB4E-5527-4D09-9697-5D01C456A03B}"
EndProject
Project("{FAE04EC0-301F-11D3-BF4B-00C04F79EFBC}") = "ImageCrop.Models", "ImageCrop.Models\ImageCrop.Models.csproj", "{C364F1B0-C72A-476E-ACF5-0EE3C5A2725A}"
EndProject
Global
	GlobalSection(SolutionConfigurationPlatforms) = preSolution
		Debug|Any CPU = Debug|Any CPU
		Release|Any CPU = Release|Any CPU
	EndGlobalSection
	GlobalSection(ProjectConfigurationPlatforms) = postSolution
		{A5EBAD3E-867A-4E4C-A5AB-EA8EF101ACBA}.Debug|Any CPU.ActiveCfg = Debug|Any CPU
		{A5EBAD3E-867A-4E4C-A5AB-EA8EF101ACBA}.Debug|Any CPU.Build.0 = Debug|Any CPU
		{A5EBAD3E-867A-4E4C-A5AB-EA8EF101ACBA}.Release|Any CPU.ActiveCfg = Release|Any CPU
		{A5EBAD3E-867A-4E4C-A5AB-EA8EF101ACBA}.Release|Any CPU.Build.0 = Release|Any CPU
		{08595073-19D9-4901-922B-298F6B876C65}.Debug|Any CPU.ActiveCfg = Debug|Any CPU
		{08595073-19D9-4901-922B-298F6B876C65}.Debug|Any CPU.Build.0 = Debug|Any CPU
		{08595073-19D9-4901-922B-298F6B876C65}.Release|Any CPU.ActiveCfg = Release|Any CPU
		{08595073-19D9-4901-922B-298F6B876C65}.Release|Any CPU.Build.0 = Release|Any CPU
		{AAF30968-1118-4937-B392-E9863EA8D76D}.Debug|Any CPU.ActiveCfg = Debug|Any CPU
		{AAF30968-1118-4937-B392-E9863EA8D76D}.Debug|Any CPU.Build.0 = Debug|Any CPU
		{AAF30968-1118-4937-B392-E9863EA8D76D}.Release|Any CPU.ActiveCfg = Release|Any CPU
		{AAF30968-1118-4937-B392-E9863EA8D76D}.Release|Any CPU.Build.0 = Release|Any CPU
		{7B995053-A2F9-4475-9CC1-D81107C4405E}.Debug|Any CPU.ActiveCfg = Debug|Any CPU
		{7B995053-A2F9-4475-9CC1-D81107C4405E}.Debug|Any CPU.Build.0 = Debug|Any CPU
		{7B995053-A2F9-4475-9CC1-D81107C4405E}.Release|Any CPU.ActiveCfg = Release|Any CPU
		{7B995053-A2F9-4475-9CC1-D81107C4405E}.Release|Any CPU.Build.0 = Release|Any CPU
		{2FFB8F3B-571A-4873-A52B-ACE0C572BA5A}.Debug|Any CPU.ActiveCfg = Debug|Any CPU
		{2FFB8F3B-571A-4873-A52B-ACE0C572BA5A}.Debug|Any CPU.Build.0 = Debug|Any CPU
		{2FFB8F3B-571A-4873-A52B-ACE0C572BA5A}.Release|Any CPU.ActiveCfg = Release|Any CPU
		{2FFB8F3B-571A-4873-A52B-ACE0C572BA5A}.Release|Any CPU.Build.0 = Release|Any CPU
		{53C32618-59F0-47E4-9EF1-44CC9D850D30}.Debug|Any CPU.ActiveCfg = Debug|Any CPU
		{53C32618-59F0-47E4-9EF1-44CC9D850D30}.Debug|Any CPU.Build.0 = Debug|Any CPU
		{53C32618-59F0-47E4-9EF1-44CC9D850D30}.Release|Any CPU.ActiveCfg = Release|Any CPU
		{53C32618-59F0-47E4-9EF1-44CC9D850D30}.Release|Any CPU.Build.0 = Release|Any CPU
		{9395DAA5-2C40-485E-821E-01C6CD8A588F}.Debug|Any CPU.ActiveCfg = Debug|Any CPU
		{9395DAA5-2C40-485E-821E-01C6CD8A588F}.Debug|Any CPU.Build.0 = Debug|Any CPU
		{9395DAA5-2C40-485E-821E-01C6CD8A588F}.Release|Any CPU.ActiveCfg = Release|Any CPU
		{9395DAA5-2C40-485E-821E-01C6CD8A588F}.Release|Any CPU.Build.0 = Release|Any CPU
		{2F46CB4E-5527-4D09-9697-5D01C456A03B}.Debug|Any CPU.ActiveCfg = Debug|Any CPU
		{2F46CB4E-5527-4D09-9697-5D01C456A03B}.Debug|Any CPU.Build.0 = Debug|Any CPU
		{2F46CB4E-5527-4D09-9697-5D01C456A03B}.Release|Any CPU.ActiveCfg = Release|Any CPU
		{2F46CB4E-5527-4D09-9697-5D01C456A03B}.Release|Any CPU.Build.0 = Release|Any CPU
		{C364F1B0-C72A-476E-ACF5-0EE3C5A2725A}.Debug|Any CPU.ActiveCfg = Debug|Any CPU
		{C364F1B0-C72A-476E-ACF5-0EE3C5A2725A}.Debug|Any CPU.Build.0 = Debug|Any CPU
		{C364F1B0-C72A-476E-ACF5-0EE3C5A2725A}.Release|Any CPU.ActiveCfg = Release|Any CPU
		{C364F1B0-C72A-476E-ACF5-0EE3C5A2725A}.Release|Any CPU.Build.0 = Release|Any CPU
	EndGlobalSection
	GlobalSection(SolutionProperties) = preSolution
		HideSolutionNode = FALSE
	EndGlobalSection
EndGlobal
